{
  "name": "qqultra",
  "version": "0.1.0",
  "lockfileVersion": 3,
  "requires": true,
  "packages": {
    "": {
      "name": "qqultra",
      "version": "0.1.0",
      "license": "MIT",
      "bin": {
        "qqultra": "bin/qqultra.js"
      },
      "engines": {
        "node": ">=22.5.0"
      }
    }
  }
}
